// !$*UTF8*$!
{
	archiveVersion = 1;
	classes = {
	};
	objectVersion = 48;
	objects = {

/* Begin PBXBuildFile section */
		2A59DA8F64820F0E9F51846B /* Pods_Slang_Master.framework in Frameworks */ = {isa = PBXBuildFile; fileRef = 9F016867B0457D626807893F /* Pods_Slang_Master.framework */; };
		BF39BC9B1F9BD0A000D7E7BD /* UIImage+GIF.swift in Sources */ = {isa = PBXBuildFile; fileRef = BF39BC9A1F9BD0A000D7E7BD /* UIImage+GIF.swift */; };
		BF39BCC61F9BE2A000D7E7BD /* dope.gif in Resources */ = {isa = PBXBuildFile; fileRef = BF39BCC51F9BE2A000D7E7BD /* dope.gif */; };
		BF39BCCB1F9BF2EC00D7E7BD /* flake.gif in Resources */ = {isa = PBXBuildFile; fileRef = BF39BCCA1F9BF2EB00D7E7BD /* flake.gif */; };
		BF39BCCD1F9BF33900D7E7BD /* bumpin.gif in Resources */ = {isa = PBXBuildFile; fileRef = BF39BCCC1F9BF33900D7E7BD /* bumpin.gif */; };
		BF39BCCF1F9BF40B00D7E7BD /* wildinout.gif in Resources */ = {isa = PBXBuildFile; fileRef = BF39BCCE1F9BF40B00D7E7BD /* wildinout.gif */; };
		BF39BCD11F9D3BB800D7E7BD /* dank.gif in Resources */ = {isa = PBXBuildFile; fileRef = BF39BCD01F9D3BB700D7E7BD /* dank.gif */; };
		BFE0084C1F99169A00968E02 /* AppDelegate.swift in Sources */ = {isa = PBXBuildFile; fileRef = BFE0084B1F99169A00968E02 /* AppDelegate.swift */; };
		BFE008541F99169A00968E02 /* Slang_Master.xcdatamodeld in Sources */ = {isa = PBXBuildFile; fileRef = BFE008521F99169A00968E02 /* Slang_Master.xcdatamodeld */; };
		BFE008561F99169A00968E02 /* Assets.xcassets in Resources */ = {isa = PBXBuildFile; fileRef = BFE008551F99169A00968E02 /* Assets.xcassets */; };
		BFE008591F99169A00968E02 /* LaunchScreen.storyboard in Resources */ = {isa = PBXBuildFile; fileRef = BFE008571F99169A00968E02 /* LaunchScreen.storyboard */; };
		BFE008661F99184F00968E02 /* Main.storyboard in Resources */ = {isa = PBXBuildFile; fileRef = BFE008651F99184F00968E02 /* Main.storyboard */; };
		BFE0086E1F99218E00968E02 /* ChooseWordTableViewController.swift in Sources */ = {isa = PBXBuildFile; fileRef = BFE0086C1F99218D00968E02 /* ChooseWordTableViewController.swift */; };
		BFE0086F1F99218E00968E02 /* DisplaySlangViewController.swift in Sources */ = {isa = PBXBuildFile; fileRef = BFE0086D1F99218D00968E02 /* DisplaySlangViewController.swift */; };
		BFE008711F99223600968E02 /* WordTableViewCell.swift in Sources */ = {isa = PBXBuildFile; fileRef = BFE008701F99223600968E02 /* WordTableViewCell.swift */; };
		BFE008741F9927AC00968E02 /* Slang.swift in Sources */ = {isa = PBXBuildFile; fileRef = BFE008731F9927AB00968E02 /* Slang.swift */; };
/* End PBXBuildFile section */

/* Begin PBXFileReference section */
		553AFDC962CECA00269C3BBD /* Pods-Slang Master.release.xcconfig */ = {isa = PBXFileReference; includeInIndex = 1; lastKnownFileType = text.xcconfig; name = "Pods-Slang Master.release.xcconfig"; path = "Pods/Target Support Files/Pods-Slang Master/Pods-Slang Master.release.xcconfig"; sourceTree = "<group>"; };
		7CB1CE002E988077AE50D9DE /* Pods-Slang Master.debug.xcconfig */ = {isa = PBXFileReference; includeInIndex = 1; lastKnownFileType = text.xcconfig; name = "Pods-Slang Master.debug.xcconfig"; path = "Pods/Target Support Files/Pods-Slang Master/Pods-Slang Master.debug.xcconfig"; sourceTree = "<group>"; };
		9F016867B0457D626807893F /* Pods_Slang_Master.framework */ = {isa = PBXFileReference; explicitFileType = wrapper.framework; includeInIndex = 0; path = Pods_Slang_Master.framework; sourceTree = BUILT_PRODUCTS_DIR; };
		BF39BC9A1F9BD0A000D7E7BD /* UIImage+GIF.swift */ = {isa = PBXFileReference; lastKnownFileType = sourcecode.swift; path = "UIImage+GIF.swift"; sourceTree = "<group>"; };
		BF39BCC51F9BE2A000D7E7BD /* dope.gif */ = {isa = PBXFileReference; lastKnownFileType = image.gif; path = dope.gif; sourceTree = "<group>"; };
		BF39BCCA1F9BF2EB00D7E7BD /* flake.gif */ = {isa = PBXFileReference; lastKnownFileType = image.gif; path = flake.gif; sourceTree = "<group>"; };
		BF39BCCC1F9BF33900D7E7BD /* bumpin.gif */ = {isa = PBXFileReference; lastKnownFileType = image.gif; path = bumpin.gif; sourceTree = "<group>"; };
		BF39BCCE1F9BF40B00D7E7BD /* wildinout.gif */ = {isa = PBXFileReference; lastKnownFileType = image.gif; path = wildinout.gif; sourceTree = "<group>"; };
		BF39BCD01F9D3BB700D7E7BD /* dank.gif */ = {isa = PBXFileReference; lastKnownFileType = image.gif; path = dank.gif; sourceTree = "<group>"; };
		BFE008481F99169A00968E02 /* Slang Master.app */ = {isa = PBXFileReference; explicitFileType = wrapper.application; includeInIndex = 0; path = "Slang Master.app"; sourceTree = BUILT_PRODUCTS_DIR; };
		BFE0084B1F99169A00968E02 /* AppDelegate.swift */ = {isa = PBXFileReference; lastKnownFileType = sourcecode.swift; path = AppDelegate.swift; sourceTree = "<group>"; };
		BFE008531F99169A00968E02 /* Slang_Master.xcdatamodel */ = {isa = PBXFileReference; lastKnownFileType = wrapper.xcdatamodel; path = Slang_Master.xcdatamodel; sourceTree = "<group>"; };
		BFE008551F99169A00968E02 /* Assets.xcassets */ = {isa = PBXFileReference; lastKnownFileType = folder.assetcatalog; path = Assets.xcassets; sourceTree = "<group>"; };
		BFE008581F99169A00968E02 /* Base */ = {isa = PBXFileReference; lastKnownFileType = file.storyboard; name = Base; path = Base.lproj/LaunchScreen.storyboard; sourceTree = "<group>"; };
		BFE0085A1F99169A00968E02 /* Info.plist */ = {isa = PBXFileReference; lastKnownFileType = text.plist.xml; path = Info.plist; sourceTree = "<group>"; };
		BFE008651F99184F00968E02 /* Main.storyboard */ = {isa = PBXFileReference; lastKnownFileType = file.storyboard; path = Main.storyboard; sourceTree = "<group>"; };
		BFE0086C1F99218D00968E02 /* ChooseWordTableViewController.swift */ = {isa = PBXFileReference; fileEncoding = 4; lastKnownFileType = sourcecode.swift; name = ChooseWordTableViewController.swift; path = "Slang Master/Controllers/ChooseWordTableViewController.swift"; sourceTree = SOURCE_ROOT; };
		BFE0086D1F99218D00968E02 /* DisplaySlangViewController.swift */ = {isa = PBXFileReference; fileEncoding = 4; lastKnownFileType = sourcecode.swift; name = DisplaySlangViewController.swift; path = "Slang Master/Controllers/DisplaySlangViewController.swift"; sourceTree = SOURCE_ROOT; };
		BFE008701F99223600968E02 /* WordTableViewCell.swift */ = {isa = PBXFileReference; fileEncoding = 4; lastKnownFileType = sourcecode.swift; name = WordTableViewCell.swift; path = "Slang Master/Views/WordTableViewCell.swift"; sourceTree = SOURCE_ROOT; };
		BFE008731F9927AB00968E02 /* Slang.swift */ = {isa = PBXFileReference; lastKnownFileType = sourcecode.swift; path = Slang.swift; sourceTree = "<group>"; };
/* End PBXFileReference section */

/* Begin PBXFrameworksBuildPhase section */
		BFE008451F99169A00968E02 /* Frameworks */ = {
			isa = PBXFrameworksBuildPhase;
			buildActionMask = 2147483647;
			files = (
				2A59DA8F64820F0E9F51846B /* Pods_Slang_Master.framework in Frameworks */,
			);
			runOnlyForDeploymentPostprocessing = 0;
		};
/* End PBXFrameworksBuildPhase section */

/* Begin PBXGroup section */
		63BF0758B02E47F41A83A2B8 /* Pods */ = {
			isa = PBXGroup;
			children = (
				7CB1CE002E988077AE50D9DE /* Pods-Slang Master.debug.xcconfig */,
				553AFDC962CECA00269C3BBD /* Pods-Slang Master.release.xcconfig */,
			);
			name = Pods;
			sourceTree = "<group>";
		};
		BF39BC991F9BD08700D7E7BD /* Helpers */ = {
			isa = PBXGroup;
			children = (
				BF39BC9A1F9BD0A000D7E7BD /* UIImage+GIF.swift */,
			);
			path = Helpers;
			sourceTree = "<group>";
		};
		BF39BCC71F9BEE1600D7E7BD /* Gif */ = {
			isa = PBXGroup;
			children = (
				BF39BCD01F9D3BB700D7E7BD /* dank.gif */,
				BF39BCCE1F9BF40B00D7E7BD /* wildinout.gif */,
				BF39BCCC1F9BF33900D7E7BD /* bumpin.gif */,
				BF39BCCA1F9BF2EB00D7E7BD /* flake.gif */,
				BF39BCC51F9BE2A000D7E7BD /* dope.gif */,
			);
			path = Gif;
			sourceTree = "<group>";
		};
		BFE0083F1F99169A00968E02 = {
			isa = PBXGroup;
			children = (
				BFE0084A1F99169A00968E02 /* Slang Master */,
				BFE008491F99169A00968E02 /* Products */,
				63BF0758B02E47F41A83A2B8 /* Pods */,
				E855217CD2DAFDAB329740C5 /* Frameworks */,
			);
			sourceTree = "<group>";
		};
		BFE008491F99169A00968E02 /* Products */ = {
			isa = PBXGroup;
			children = (
				BFE008481F99169A00968E02 /* Slang Master.app */,
			);
			name = Products;
			sourceTree = "<group>";
		};
		BFE0084A1F99169A00968E02 /* Slang Master */ = {
			isa = PBXGroup;
			children = (
				BF39BCC71F9BEE1600D7E7BD /* Gif */,
				BF39BC991F9BD08700D7E7BD /* Helpers */,
				BFE0084B1F99169A00968E02 /* AppDelegate.swift */,
				BFE008631F99180500968E02 /* Controllers */,
				BFE008641F99182000968E02 /* Storyboard */,
				BFE008551F99169A00968E02 /* Assets.xcassets */,
				BFE008571F99169A00968E02 /* LaunchScreen.storyboard */,
				BFE0085A1F99169A00968E02 /* Info.plist */,
				BFE008521F99169A00968E02 /* Slang_Master.xcdatamodeld */,
				BFE0086B1F9920FF00968E02 /* Views */,
				BFE008721F99277600968E02 /* Models */,
			);
			path = "Slang Master";
			sourceTree = "<group>";
		};
		BFE008631F99180500968E02 /* Controllers */ = {
			isa = PBXGroup;
			children = (
				BFE0086C1F99218D00968E02 /* ChooseWordTableViewController.swift */,
				BFE0086D1F99218D00968E02 /* DisplaySlangViewController.swift */,
			);
			name = Controllers;
			path = "New Group";
			sourceTree = "<group>";
		};
		BFE008641F99182000968E02 /* Storyboard */ = {
			isa = PBXGroup;
			children = (
				BFE008651F99184F00968E02 /* Main.storyboard */,
			);
			path = Storyboard;
			sourceTree = "<group>";
		};
		BFE0086B1F9920FF00968E02 /* Views */ = {
			isa = PBXGroup;
			children = (
				BFE008701F99223600968E02 /* WordTableViewCell.swift */,
			);
			name = Views;
			path = "New Group1";
			sourceTree = "<group>";
		};
		BFE008721F99277600968E02 /* Models */ = {
			isa = PBXGroup;
			children = (
				BFE008731F9927AB00968E02 /* Slang.swift */,
			);
			name = Models;
			path = "Slang Master/Models";
			sourceTree = SOURCE_ROOT;
		};
		E855217CD2DAFDAB329740C5 /* Frameworks */ = {
			isa = PBXGroup;
			children = (
				9F016867B0457D626807893F /* Pods_Slang_Master.framework */,
			);
			name = Frameworks;
			sourceTree = "<group>";
		};
/* End PBXGroup section */

/* Begin PBXNativeTarget section */
		BFE008471F99169A00968E02 /* Slang Master */ = {
			isa = PBXNativeTarget;
			buildConfigurationList = BFE0085D1F99169A00968E02 /* Build configuration list for PBXNativeTarget "Slang Master" */;
			buildPhases = (
				CC155687A180F8180B1BBB9E /* [CP] Check Pods Manifest.lock */,
				BFE008441F99169A00968E02 /* Sources */,
				BFE008451F99169A00968E02 /* Frameworks */,
				BFE008461F99169A00968E02 /* Resources */,
				75FBECA26C8B28164F38EAB6 /* [CP] Embed Pods Frameworks */,
				D51A94074DC04F3D29921B01 /* [CP] Copy Pods Resources */,
			);
			buildRules = (
			);
			dependencies = (
			);
			name = "Slang Master";
			productName = "Slang Master";
			productReference = BFE008481F99169A00968E02 /* Slang Master.app */;
			productType = "com.apple.product-type.application";
		};
/* End PBXNativeTarget section */

/* Begin PBXProject section */
		BFE008401F99169A00968E02 /* Project object */ = {
			isa = PBXProject;
			attributes = {
				LastSwiftUpdateCheck = 0900;
				LastUpgradeCheck = 0900;
				ORGANIZATIONNAME = "Kaichi Momose";
				TargetAttributes = {
					BFE008471F99169A00968E02 = {
						CreatedOnToolsVersion = 9.0;
						ProvisioningStyle = Automatic;
					};
				};
			};
			buildConfigurationList = BFE008431F99169A00968E02 /* Build configuration list for PBXProject "Slang Master" */;
			compatibilityVersion = "Xcode 8.0";
			developmentRegion = en;
			hasScannedForEncodings = 0;
			knownRegions = (
				en,
				Base,
			);
			mainGroup = BFE0083F1F99169A00968E02;
			productRefGroup = BFE008491F99169A00968E02 /* Products */;
			projectDirPath = "";
			projectRoot = "";
			targets = (
				BFE008471F99169A00968E02 /* Slang Master */,
			);
		};
/* End PBXProject section */

/* Begin PBXResourcesBuildPhase section */
		BFE008461F99169A00968E02 /* Resources */ = {
			isa = PBXResourcesBuildPhase;
			buildActionMask = 2147483647;
			files = (
				BF39BCC61F9BE2A000D7E7BD /* dope.gif in Resources */,
				BF39BCCD1F9BF33900D7E7BD /* bumpin.gif in Resources */,
				BF39BCD11F9D3BB800D7E7BD /* dank.gif in Resources */,
				BF39BCCF1F9BF40B00D7E7BD /* wildinout.gif in Resources */,
				BFE008661F99184F00968E02 /* Main.storyboard in Resources */,
				BFE008591F99169A00968E02 /* LaunchScreen.storyboard in Resources */,
				BF39BCCB1F9BF2EC00D7E7BD /* flake.gif in Resources */,
				BFE008561F99169A00968E02 /* Assets.xcassets in Resources */,
			);
			runOnlyForDeploymentPostprocessing = 0;
		};
/* End PBXResourcesBuildPhase section */

/* Begin PBXShellScriptBuildPhase section */
		75FBECA26C8B28164F38EAB6 /* [CP] Embed Pods Frameworks */ = {
			isa = PBXShellScriptBuildPhase;
			buildActionMask = 2147483647;
			files = (
			);
			inputPaths = (
			);
			name = "[CP] Embed Pods Frameworks";
			outputPaths = (
			);
			runOnlyForDeploymentPostprocessing = 0;
			shellPath = /bin/sh;
			shellScript = "\"${SRCROOT}/Pods/Target Support Files/Pods-Slang Master/Pods-Slang Master-frameworks.sh\"\n";
			showEnvVarsInLog = 0;
		};
		CC155687A180F8180B1BBB9E /* [CP] Check Pods Manifest.lock */ = {
			isa = PBXShellScriptBuildPhase;
			buildActionMask = 2147483647;
			files = (
			);
			inputPaths = (
			);
			name = "[CP] Check Pods Manifest.lock";
			outputPaths = (
			);
			runOnlyForDeploymentPostprocessing = 0;
			shellPath = /bin/sh;
			shellScript = "diff \"${PODS_PODFILE_DIR_PATH}/Podfile.lock\" \"${PODS_ROOT}/Manifest.lock\" > /dev/null\nif [ $? != 0 ] ; then\n    # print error to STDERR\n    echo \"error: The sandbox is not in sync with the Podfile.lock. Run 'pod install' or update your CocoaPods installation.\" >&2\n    exit 1\nfi\n";
			showEnvVarsInLog = 0;
		};
		D51A94074DC04F3D29921B01 /* [CP] Copy Pods Resources */ = {
			isa = PBXShellScriptBuildPhase;
			buildActionMask = 2147483647;
			files = (
			);
			inputPaths = (
			);
			name = "[CP] Copy Pods Resources";
			outputPaths = (
			);
			runOnlyForDeploymentPostprocessing = 0;
			shellPath = /bin/sh;
			shellScript = "\"${SRCROOT}/Pods/Target Support Files/Pods-Slang Master/Pods-Slang Master-resources.sh\"\n";
			showEnvVarsInLog = 0;
		};
/* End PBXShellScriptBuildPhase section */

/* Begin PBXSourcesBuildPhase section */
		BFE008441F99169A00968E02 /* Sources */ = {
			isa = PBXSourcesBuildPhase;
			buildActionMask = 2147483647;
			files = (
				BFE008711F99223600968E02 /* WordTableViewCell.swift in Sources */,
				BFE008741F9927AC00968E02 /* Slang.swift in Sources */,
				BF39BC9B1F9BD0A000D7E7BD /* UIImage+GIF.swift in Sources */,
				BFE0086E1F99218E00968E02 /* ChooseWordTableViewController.swift in Sources */,
				BFE008541F99169A00968E02 /* Slang_Master.xcdatamodeld in Sources */,
				BFE0086F1F99218E00968E02 /* DisplaySlangViewController.swift in Sources */,
				BFE0084C1F99169A00968E02 /* AppDelegate.swift in Sources */,
			);
			runOnlyForDeploymentPostprocessing = 0;
		};
/* End PBXSourcesBuildPhase section */

/* Begin PBXVariantGroup section */
		BFE008571F99169A00968E02 /* LaunchScreen.storyboard */ = {
			isa = PBXVariantGroup;
			children = (
				BFE008581F99169A00968E02 /* Base */,
			);
			name = LaunchScreen.storyboard;
			sourceTree = "<group>";
		};
/* End PBXVariantGroup section */

/* Begin XCBuildConfiguration section */
		BFE0085B1F99169A00968E02 /* Debug */ = {
			isa = XCBuildConfiguration;
			buildSettings = {
				ALWAYS_SEARCH_USER_PATHS = NO;
				CLANG_ANALYZER_NONNULL = YES;
				CLANG_ANALYZER_NUMBER_OBJECT_CONVERSION = YES_AGGRESSIVE;
				CLANG_CXX_LANGUAGE_STANDARD = "gnu++14";
				CLANG_CXX_LIBRARY = "libc++";
				CLANG_ENABLE_MODULES = YES;
				CLANG_ENABLE_OBJC_ARC = YES;
				CLANG_WARN_BLOCK_CAPTURE_AUTORELEASING = YES;
				CLANG_WARN_BOOL_CONVERSION = YES;
				CLANG_WARN_COMMA = YES;
				CLANG_WARN_CONSTANT_CONVERSION = YES;
				CLANG_WARN_DIRECT_OBJC_ISA_USAGE = YES_ERROR;
				CLANG_WARN_DOCUMENTATION_COMMENTS = YES;
				CLANG_WARN_EMPTY_BODY = YES;
				CLANG_WARN_ENUM_CONVERSION = YES;
				CLANG_WARN_INFINITE_RECURSION = YES;
				CLANG_WARN_INT_CONVERSION = YES;
				CLANG_WARN_NON_LITERAL_NULL_CONVERSION = YES;
				CLANG_WARN_OBJC_LITERAL_CONVERSION = YES;
				CLANG_WARN_OBJC_ROOT_CLASS = YES_ERROR;
				CLANG_WARN_RANGE_LOOP_ANALYSIS = YES;
				CLANG_WARN_STRICT_PROTOTYPES = YES;
				CLANG_WARN_SUSPICIOUS_MOVE = YES;
				CLANG_WARN_UNGUARDED_AVAILABILITY = YES_AGGRESSIVE;
				CLANG_WARN_UNREACHABLE_CODE = YES;
				CLANG_WARN__DUPLICATE_METHOD_MATCH = YES;
				CODE_SIGN_IDENTITY = "iPhone Developer";
				COPY_PHASE_STRIP = NO;
				DEBUG_INFORMATION_FORMAT = dwarf;
				ENABLE_STRICT_OBJC_MSGSEND = YES;
				ENABLE_TESTABILITY = YES;
				GCC_C_LANGUAGE_STANDARD = gnu11;
				GCC_DYNAMIC_NO_PIC = NO;
				GCC_NO_COMMON_BLOCKS = YES;
				GCC_OPTIMIZATION_LEVEL = 0;
				GCC_PREPROCESSOR_DEFINITIONS = (
					"DEBUG=1",
					"$(inherited)",
				);
				GCC_WARN_64_TO_32_BIT_CONVERSION = YES;
				GCC_WARN_ABOUT_RETURN_TYPE = YES_ERROR;
				GCC_WARN_UNDECLARED_SELECTOR = YES;
				GCC_WARN_UNINITIALIZED_AUTOS = YES_AGGRESSIVE;
				GCC_WARN_UNUSED_FUNCTION = YES;
				GCC_WARN_UNUSED_VARIABLE = YES;
				IPHONEOS_DEPLOYMENT_TARGET = 11.0;
				MTL_ENABLE_DEBUG_INFO = YES;
				ONLY_ACTIVE_ARCH = YES;
				SDKROOT = iphoneos;
				SWIFT_ACTIVE_COMPILATION_CONDITIONS = DEBUG;
				SWIFT_OPTIMIZATION_LEVEL = "-Onone";
			};
			name = Debug;
		};
		BFE0085C1F99169A00968E02 /* Release */ = {
			isa = XCBuildConfiguration;
			buildSettings = {
				ALWAYS_SEARCH_USER_PATHS = NO;
				CLANG_ANALYZER_NONNULL = YES;
				CLANG_ANALYZER_NUMBER_OBJECT_CONVERSION = YES_AGGRESSIVE;
				CLANG_CXX_LANGUAGE_STANDARD = "gnu++14";
				CLANG_CXX_LIBRARY = "libc++";
				CLANG_ENABLE_MODULES = YES;
				CLANG_ENABLE_OBJC_ARC = YES;
				CLANG_WARN_BLOCK_CAPTURE_AUTORELEASING = YES;
				CLANG_WARN_BOOL_CONVERSION = YES;
				CLANG_WARN_COMMA = YES;
				CLANG_WARN_CONSTANT_CONVERSION = YES;
				CLANG_WARN_DIRECT_OBJC_ISA_USAGE = YES_ERROR;
				CLANG_WARN_DOCUMENTATION_COMMENTS = YES;
				CLANG_WARN_EMPTY_BODY = YES;
				CLANG_WARN_ENUM_CONVERSION = YES;
				CLANG_WARN_INFINITE_RECURSION = YES;
				CLANG_WARN_INT_CONVERSION = YES;
				CLANG_WARN_NON_LITERAL_NULL_CONVERSION = YES;
				CLANG_WARN_OBJC_LITERAL_CONVERSION = YES;
				CLANG_WARN_OBJC_ROOT_CLASS = YES_ERROR;
				CLANG_WARN_RANGE_LOOP_ANALYSIS = YES;
				CLANG_WARN_STRICT_PROTOTYPES = YES;
				CLANG_WARN_SUSPICIOUS_MOVE = YES;
				CLANG_WARN_UNGUARDED_AVAILABILITY = YES_AGGRESSIVE;
				CLANG_WARN_UNREACHABLE_CODE = YES;
				CLANG_WARN__DUPLICATE_METHOD_MATCH = YES;
				CODE_SIGN_IDENTITY = "iPhone Developer";
				COPY_PHASE_STRIP = NO;
				DEBUG_INFORMATION_FORMAT = "dwarf-with-dsym";
				ENABLE_NS_ASSERTIONS = NO;
				ENABLE_STRICT_OBJC_MSGSEND = YES;
				GCC_C_LANGUAGE_STANDARD = gnu11;
				GCC_NO_COMMON_BLOCKS = YES;
				GCC_WARN_64_TO_32_BIT_CONVERSION = YES;
				GCC_WARN_ABOUT_RETURN_TYPE = YES_ERROR;
				GCC_WARN_UNDECLARED_SELECTOR = YES;
				GCC_WARN_UNINITIALIZED_AUTOS = YES_AGGRESSIVE;
				GCC_WARN_UNUSED_FUNCTION = YES;
				GCC_WARN_UNUSED_VARIABLE = YES;
				IPHONEOS_DEPLOYMENT_TARGET = 11.0;
				MTL_ENABLE_DEBUG_INFO = NO;
				SDKROOT = iphoneos;
				SWIFT_OPTIMIZATION_LEVEL = "-Owholemodule";
				VALIDATE_PRODUCT = YES;
			};
			name = Release;
		};
		BFE0085E1F99169A00968E02 /* Debug */ = {
			isa = XCBuildConfiguration;
			baseConfigurationReference = 7CB1CE002E988077AE50D9DE /* Pods-Slang Master.debug.xcconfig */;
			buildSettings = {
				ASSETCATALOG_COMPILER_APPICON_NAME = AppIcon;
				CODE_SIGN_STYLE = Automatic;
				DEVELOPMENT_TEAM = CGUE68EN3T;
				INFOPLIST_FILE = "Slang Master/Info.plist";
				LD_RUNPATH_SEARCH_PATHS = "$(inherited) @executable_path/Frameworks";
				PRODUCT_BUNDLE_IDENTIFIER = "com.momose-kaichi.Slang-Master";
				PRODUCT_NAME = "$(TARGET_NAME)";
				SWIFT_VERSION = 4.0;
				TARGETED_DEVICE_FAMILY = "1,2";
			};
			name = Debug;
		};
		BFE0085F1F99169A00968E02 /* Release */ = {
			isa = XCBuildConfiguration;
			baseConfigurationReference = 553AFDC962CECA00269C3BBD /* Pods-Slang Master.release.xcconfig */;
			buildSettings = {
				ASSETCATALOG_COMPILER_APPICON_NAME = AppIcon;
				CODE_SIGN_STYLE = Automatic;
				DEVELOPMENT_TEAM = CGUE68EN3T;
				INFOPLIST_FILE = "Slang Master/Info.plist";
				LD_RUNPATH_SEARCH_PATHS = "$(inherited) @executable_path/Frameworks";
				PRODUCT_BUNDLE_IDENTIFIER = "com.momose-kaichi.Slang-Master";
				PRODUCT_NAME = "$(TARGET_NAME)";
				SWIFT_VERSION = 4.0;
				TARGETED_DEVICE_FAMILY = "1,2";
			};
			name = Release;
		};
/* End XCBuildConfiguration section */

/* Begin XCConfigurationList section */
		BFE008431F99169A00968E02 /* Build configuration list for PBXProject "Slang Master" */ = {
			isa = XCConfigurationList;
			buildConfigurations = (
				BFE0085B1F99169A00968E02 /* Debug */,
				BFE0085C1F99169A00968E02 /* Release */,
			);
			defaultConfigurationIsVisible = 0;
			defaultConfigurationName = Release;
		};
		BFE0085D1F99169A00968E02 /* Build configuration list for PBXNativeTarget "Slang Master" */ = {
			isa = XCConfigurationList;
			buildConfigurations = (
				BFE0085E1F99169A00968E02 /* Debug */,
				BFE0085F1F99169A00968E02 /* Release */,
			);
			defaultConfigurationIsVisible = 0;
			defaultConfigurationName = Release;
		};
/* End XCConfigurationList section */

/* Begin XCVersionGroup section */
		BFE008521F99169A00968E02 /* Slang_Master.xcdatamodeld */ = {
			isa = XCVersionGroup;
			children = (
				BFE008531F99169A00968E02 /* Slang_Master.xcdatamodel */,
			);
			currentVersion = BFE008531F99169A00968E02 /* Slang_Master.xcdatamodel */;
			path = Slang_Master.xcdatamodeld;
			sourceTree = "<group>";
			versionGroupType = wrapper.xcdatamodel;
		};
/* End XCVersionGroup section */
	};
	rootObject = BFE008401F99169A00968E02 /* Project object */;
}
